
Microsoft Visual Studio Solution File, Format Version 12.00
# Visual Studio Version 16
VisualStudioVersion = 16.0.31410.357
MinimumVisualStudioVersion = 10.0.40219.1
Project("{FAE04EC0-301F-11D3-BF4B-00C04F79EFBC}") = "Webapi_Sys", "Webapi_Sys\Webapi_Sys.csproj", "{55440B96-066C-4A57-BD04-80C150799158}"
EndProject
Global
	GlobalSection(SolutionConfigurationPlatforms) = preSolution
		Debug|Any CPU = Debug|Any CPU
		Release|Any CPU = Release|Any CPU
	EndGlobalSection
	GlobalSection(ProjectConfigurationPlatforms) = postSolution
		{55440B96-066C-4A57-BD04-80C150799158}.Debug|Any CPU.ActiveCfg = Debug|Any CPU
		{55440B96-066C-4A57-BD04-80C150799158}.Debug|Any CPU.Build.0 = Debug|Any CPU
		{55440B96-066C-4A57-BD04-80C150799158}.Release|Any CPU.ActiveCfg = Release|Any CPU
		{55440B96-066C-4A57-BD04-80C150799158}.Release|Any CPU.Build.0 = Release|Any CPU
	EndGlobalSection
	GlobalSection(SolutionProperties) = preSolution
		HideSolutionNode = FALSE
	EndGlobalSection
	GlobalSection(ExtensibilityGlobals) = postSolution
		SolutionGuid = {CBA81834-50FE-4EF2-8E14-47F82171C33F}
	EndGlobalSection
EndGlobal
